# THIS IS AN AUTOGENERATED FILE. DO NOT EDIT THIS FILE DIRECTLY.
# yarn lockfile v1


classnames@^2.2.6:
  version "2.2.6"
  resolved "https://registry.yarnpkg.com/classnames/-/classnames-2.2.6.tgz#43935bffdd291f326dad0a205309b38d00f650ce"
  integrity sha512-JR/iSQOSt+LQIWwrwEzJ9uk0xfN3mTVYMwt1Ir5mUcSN6pU+V4zQFFaJsclJbPuAUQH+yfWef6tm7l1quW3C8Q==

no-scroll@^2.1.1:
  version "2.1.1"
  resolved "https://registry.yarnpkg.com/no-scroll/-/no-scroll-2.1.1.tgz#f37e08cb159b75a5bdbfc0a87cd9223e120e6e27"
  integrity sha512-YTzGAJOo/B6hkodeT5SKKHpOhAzjMfkUCCXjLJwjWk2F4/InIg+HbdH9kmT7bKpleDuqLZDTRy2OdNtAj0IVyQ==

react-responsive-modal@^5.0.2:
  version "5.0.2"
  resolved "https://registry.yarnpkg.com/react-responsive-modal/-/react-responsive-modal-5.0.2.tgz#cb3e865ea3ae2efe71cab0e40b620667932fc546"
  integrity sha512-7QzL5NIhzYKe+jnl3QQVBWlpVCQv6QDCKtlJQvBxEbnjNSMkwFep2uSTu4CQFt9QItFEBV7onC/1i6O0t78nYg==
  dependencies:
    classnames "^2.2.6"
    no-scroll "^2.1.1"
